// !$*UTF8*$!
{
	archiveVersion = 1;
	classes = {
	};
	objectVersion = 46;
	objects = {

/* Begin PBXBuildFile section */
		86062B491D46B3BA0035860D /* config.plist in Resources */ = {isa = PBXBuildFile; fileRef = 86062B481D46B3BA0035860D /* config.plist */; };
		862768561DE370A5003FF176 /* Box-Platform-Logo.png in Resources */ = {isa = PBXBuildFile; fileRef = 862768551DE370A5003FF176 /* Box-Platform-Logo.png */; };
		862768591DE37160003FF176 /* InitialViewController.m in Sources */ = {isa = PBXBuildFile; fileRef = 862768581DE37160003FF176 /* InitialViewController.m */; };
		8627685B1DE3870F003FF176 /* Auth0.plist in Resources */ = {isa = PBXBuildFile; fileRef = 8627685A1DE3870F003FF176 /* Auth0.plist */; };
		862C0FE41D42A3AB005FD11C /* HelperClass.m in Sources */ = {isa = PBXBuildFile; fileRef = 862C0FE31D42A3AB005FD11C /* HelperClass.m */; };
		8646E5E71DE63648005F12CE /* image.png in Resources */ = {isa = PBXBuildFile; fileRef = 8646E5E61DE63648005F12CE /* image.png */; };
		8646E5E91DE643EF005F12CE /* placeholder.png in Resources */ = {isa = PBXBuildFile; fileRef = 8646E5E81DE643EF005F12CE /* placeholder.png */; };
		866D02431D2DB30100987B8F /* main.m in Sources */ = {isa = PBXBuildFile; fileRef = 866D02421D2DB30100987B8F /* main.m */; };
		866D02461D2DB30100987B8F /* AppDelegate.m in Sources */ = {isa = PBXBuildFile; fileRef = 866D02451D2DB30100987B8F /* AppDelegate.m */; };
		866D02491D2DB30100987B8F /* MainViewController.m in Sources */ = {isa = PBXBuildFile; fileRef = 866D02481D2DB30100987B8F /* MainViewController.m */; };
		866D024C1D2DB30100987B8F /* Main.storyboard in Resources */ = {isa = PBXBuildFile; fileRef = 866D024A1D2DB30100987B8F /* Main.storyboard */; };
		866D024E1D2DB30100987B8F /* Assets.xcassets in Resources */ = {isa = PBXBuildFile; fileRef = 866D024D1D2DB30100987B8F /* Assets.xcassets */; };
		866D02511D2DB30100987B8F /* LaunchScreen.storyboard in Resources */ = {isa = PBXBuildFile; fileRef = 866D024F1D2DB30100987B8F /* LaunchScreen.storyboard */; };
		866F05131DECBE1000FBFB8B /* ScanViewController.m in Sources */ = {isa = PBXBuildFile; fileRef = 866F05121DECBE1000FBFB8B /* ScanViewController.m */; };
		868610F11D3039610054F11D /* SearchViewController.m in Sources */ = {isa = PBXBuildFile; fileRef = 868610F01D3039610054F11D /* SearchViewController.m */; };
		868610F51D30535E0054F11D /* SearchResultsTableViewController.m in Sources */ = {isa = PBXBuildFile; fileRef = 868610F41D30535E0054F11D /* SearchResultsTableViewController.m */; };
		869B1A2A1E0079FB0072BBA6 /* CoreLocation.framework in Frameworks */ = {isa = PBXBuildFile; fileRef = 869B1A291E0079FB0072BBA6 /* CoreLocation.framework */; };
		86A8FA0E1D2DBDBF0012BD8A /* UploadViewController.m in Sources */ = {isa = PBXBuildFile; fileRef = 86A8FA0D1D2DBDBF0012BD8A /* UploadViewController.m */; };
		86A8FA111D2DBEC50012BD8A /* ClarifaiClient.m in Sources */ = {isa = PBXBuildFile; fileRef = 86A8FA101D2DBEC50012BD8A /* ClarifaiClient.m */; };
		86B6FBAF1E0209E8009DA293 /* FileDetailsViewController.m in Sources */ = {isa = PBXBuildFile; fileRef = 86B6FBAE1E0209E8009DA293 /* FileDetailsViewController.m */; };
		86B8C5951E0326B50072C027 /* MapKit.framework in Frameworks */ = {isa = PBXBuildFile; fileRef = 86B8C5941E0326B50072C027 /* MapKit.framework */; };
		86C9AABC1D3D4C340014E42B /* SearchResultsTableViewCell.m in Sources */ = {isa = PBXBuildFile; fileRef = 86C9AABB1D3D4C340014E42B /* SearchResultsTableViewCell.m */; };
		86D276121E0C9AAB008F1BC5 /* BOXSampleThumbnailsHelper.m in Sources */ = {isa = PBXBuildFile; fileRef = 86D276101E0C9AAB008F1BC5 /* BOXSampleThumbnailsHelper.m */; };
		86FBAC401DECDD430007767D /* tessdata in Resources */ = {isa = PBXBuildFile; fileRef = 86FBAC3F1DECDD430007767D /* tessdata */; };
		86FEAC101DE61DC500D96E42 /* color.png in Resources */ = {isa = PBXBuildFile; fileRef = 86FEAC0F1DE61DC500D96E42 /* color.png */; };
		9E9822C1AC12F54C249A2A1C /* libPods-boxplatform-photo-tagger.a in Frameworks */ = {isa = PBXBuildFile; fileRef = 3540BB865CE270EF56A7E52E /* libPods-boxplatform-photo-tagger.a */; };
/* End PBXBuildFile section */

/* Begin PBXFileReference section */
		3540BB865CE270EF56A7E52E /* libPods-boxplatform-photo-tagger.a */ = {isa = PBXFileReference; explicitFileType = archive.ar; includeInIndex = 0; path = "libPods-boxplatform-photo-tagger.a"; sourceTree = BUILT_PRODUCTS_DIR; };
		3C63833983EAA8E6FFCB2850 /* Pods-boxplatform-photo-taggerUITests.debug.xcconfig */ = {isa = PBXFileReference; includeInIndex = 1; lastKnownFileType = text.xcconfig; name = "Pods-boxplatform-photo-taggerUITests.debug.xcconfig"; path = "Pods/Target Support Files/Pods-boxplatform-photo-taggerUITests/Pods-boxplatform-photo-taggerUITests.debug.xcconfig"; sourceTree = "<group>"; };
		86062B481D46B3BA0035860D /* config.plist */ = {isa = PBXFileReference; fileEncoding = 4; lastKnownFileType = text.plist.xml; path = config.plist; sourceTree = "<group>"; };
		862768551DE370A5003FF176 /* Box-Platform-Logo.png */ = {isa = PBXFileReference; lastKnownFileType = image.png; path = "Box-Platform-Logo.png"; sourceTree = "<group>"; };
		862768571DE37160003FF176 /* InitialViewController.h */ = {isa = PBXFileReference; fileEncoding = 4; lastKnownFileType = sourcecode.c.h; path = InitialViewController.h; sourceTree = "<group>"; };
		862768581DE37160003FF176 /* InitialViewController.m */ = {isa = PBXFileReference; fileEncoding = 4; lastKnownFileType = sourcecode.c.objc; path = InitialViewController.m; sourceTree = "<group>"; };
		8627685A1DE3870F003FF176 /* Auth0.plist */ = {isa = PBXFileReference; fileEncoding = 4; lastKnownFileType = text.plist.xml; path = Auth0.plist; sourceTree = "<group>"; };
		862C0FE21D42A3AB005FD11C /* HelperClass.h */ = {isa = PBXFileReference; fileEncoding = 4; lastKnownFileType = sourcecode.c.h; path = HelperClass.h; sourceTree = "<group>"; };
		862C0FE31D42A3AB005FD11C /* HelperClass.m */ = {isa = PBXFileReference; fileEncoding = 4; lastKnownFileType = sourcecode.c.objc; path = HelperClass.m; sourceTree = "<group>"; };
		8646E5E61DE63648005F12CE /* image.png */ = {isa = PBXFileReference; lastKnownFileType = image.png; path = image.png; sourceTree = "<group>"; };
		8646E5E81DE643EF005F12CE /* placeholder.png */ = {isa = PBXFileReference; lastKnownFileType = image.png; path = placeholder.png; sourceTree = "<group>"; };
		866D023E1D2DB30100987B8F /* boxplatform-photo-tagger.app */ = {isa = PBXFileReference; explicitFileType = wrapper.application; includeInIndex = 0; path = "boxplatform-photo-tagger.app"; sourceTree = BUILT_PRODUCTS_DIR; };
		866D02421D2DB30100987B8F /* main.m */ = {isa = PBXFileReference; lastKnownFileType = sourcecode.c.objc; path = main.m; sourceTree = "<group>"; };
		866D02441D2DB30100987B8F /* AppDelegate.h */ = {isa = PBXFileReference; lastKnownFileType = sourcecode.c.h; path = AppDelegate.h; sourceTree = "<group>"; };
		866D02451D2DB30100987B8F /* AppDelegate.m */ = {isa = PBXFileReference; lastKnownFileType = sourcecode.c.objc; path = AppDelegate.m; sourceTree = "<group>"; };
		866D02471D2DB30100987B8F /* MainViewController.h */ = {isa = PBXFileReference; lastKnownFileType = sourcecode.c.h; path = MainViewController.h; sourceTree = "<group>"; };
		866D02481D2DB30100987B8F /* MainViewController.m */ = {isa = PBXFileReference; lastKnownFileType = sourcecode.c.objc; path = MainViewController.m; sourceTree = "<group>"; };
		866D024B1D2DB30100987B8F /* Base */ = {isa = PBXFileReference; lastKnownFileType = file.storyboard; name = Base; path = Base.lproj/Main.storyboard; sourceTree = "<group>"; };
		866D024D1D2DB30100987B8F /* Assets.xcassets */ = {isa = PBXFileReference; lastKnownFileType = folder.assetcatalog; path = Assets.xcassets; sourceTree = "<group>"; };
		866D02501D2DB30100987B8F /* Base */ = {isa = PBXFileReference; lastKnownFileType = file.storyboard; name = Base; path = Base.lproj/LaunchScreen.storyboard; sourceTree = "<group>"; };
		866D02521D2DB30100987B8F /* Info.plist */ = {isa = PBXFileReference; lastKnownFileType = text.plist.xml; path = Info.plist; sourceTree = "<group>"; };
		866F05111DECBE1000FBFB8B /* ScanViewController.h */ = {isa = PBXFileReference; fileEncoding = 4; lastKnownFileType = sourcecode.c.h; path = ScanViewController.h; sourceTree = "<group>"; };
		866F05121DECBE1000FBFB8B /* ScanViewController.m */ = {isa = PBXFileReference; fileEncoding = 4; lastKnownFileType = sourcecode.c.objc; path = ScanViewController.m; sourceTree = "<group>"; };
		868610EF1D3039610054F11D /* SearchViewController.h */ = {isa = PBXFileReference; fileEncoding = 4; lastKnownFileType = sourcecode.c.h; path = SearchViewController.h; sourceTree = "<group>"; };
		868610F01D3039610054F11D /* SearchViewController.m */ = {isa = PBXFileReference; fileEncoding = 4; lastKnownFileType = sourcecode.c.objc; path = SearchViewController.m; sourceTree = "<group>"; };
		868610F31D30535E0054F11D /* SearchResultsTableViewController.h */ = {isa = PBXFileReference; fileEncoding = 4; lastKnownFileType = sourcecode.c.h; path = SearchResultsTableViewController.h; sourceTree = "<group>"; };
		868610F41D30535E0054F11D /* SearchResultsTableViewController.m */ = {isa = PBXFileReference; fileEncoding = 4; lastKnownFileType = sourcecode.c.objc; path = SearchResultsTableViewController.m; sourceTree = "<group>"; };
		869B1A291E0079FB0072BBA6 /* CoreLocation.framework */ = {isa = PBXFileReference; lastKnownFileType = wrapper.framework; name = CoreLocation.framework; path = System/Library/Frameworks/CoreLocation.framework; sourceTree = SDKROOT; };
		86A8FA0C1D2DBDBF0012BD8A /* UploadViewController.h */ = {isa = PBXFileReference; fileEncoding = 4; lastKnownFileType = sourcecode.c.h; path = UploadViewController.h; sourceTree = "<group>"; };
		86A8FA0D1D2DBDBF0012BD8A /* UploadViewController.m */ = {isa = PBXFileReference; fileEncoding = 4; lastKnownFileType = sourcecode.c.objc; path = UploadViewController.m; sourceTree = "<group>"; };
		86A8FA0F1D2DBEC50012BD8A /* ClarifaiClient.h */ = {isa = PBXFileReference; fileEncoding = 4; lastKnownFileType = sourcecode.c.h; path = ClarifaiClient.h; sourceTree = "<group>"; };
		86A8FA101D2DBEC50012BD8A /* ClarifaiClient.m */ = {isa = PBXFileReference; fileEncoding = 4; lastKnownFileType = sourcecode.c.objc; path = ClarifaiClient.m; sourceTree = "<group>"; };
		86B6FBAD1E0209E8009DA293 /* FileDetailsViewController.h */ = {isa = PBXFileReference; fileEncoding = 4; lastKnownFileType = sourcecode.c.h; path = FileDetailsViewController.h; sourceTree = "<group>"; };
		86B6FBAE1E0209E8009DA293 /* FileDetailsViewController.m */ = {isa = PBXFileReference; fileEncoding = 4; lastKnownFileType = sourcecode.c.objc; path = FileDetailsViewController.m; sourceTree = "<group>"; };
		86B8C5941E0326B50072C027 /* MapKit.framework */ = {isa = PBXFileReference; lastKnownFileType = wrapper.framework; name = MapKit.framework; path = System/Library/Frameworks/MapKit.framework; sourceTree = SDKROOT; };
		86C9AABA1D3D4C340014E42B /* SearchResultsTableViewCell.h */ = {isa = PBXFileReference; fileEncoding = 4; lastKnownFileType = sourcecode.c.h; path = SearchResultsTableViewCell.h; sourceTree = "<group>"; };
		86C9AABB1D3D4C340014E42B /* SearchResultsTableViewCell.m */ = {isa = PBXFileReference; fileEncoding = 4; lastKnownFileType = sourcecode.c.objc; path = SearchResultsTableViewCell.m; sourceTree = "<group>"; };
		86D276101E0C9AAB008F1BC5 /* BOXSampleThumbnailsHelper.m */ = {isa = PBXFileReference; fileEncoding = 4; lastKnownFileType = sourcecode.c.objc; path = BOXSampleThumbnailsHelper.m; sourceTree = "<group>"; };
		86D276111E0C9AAB008F1BC5 /* BOXSampleThumbnailsHelper.h */ = {isa = PBXFileReference; fileEncoding = 4; lastKnownFileType = sourcecode.c.h; path = BOXSampleThumbnailsHelper.h; sourceTree = "<group>"; };
		86D78DCA1DC29AF400271BBB /* boxplatform-photo-tagger.entitlements */ = {isa = PBXFileReference; lastKnownFileType = text.plist.entitlements; path = "boxplatform-photo-tagger.entitlements"; sourceTree = "<group>"; };
		86FBAC3F1DECDD430007767D /* tessdata */ = {isa = PBXFileReference; lastKnownFileType = folder; path = tessdata; sourceTree = "<group>"; };
		86FEAC0F1DE61DC500D96E42 /* color.png */ = {isa = PBXFileReference; lastKnownFileType = image.png; path = color.png; sourceTree = "<group>"; };
		BC1E7882F4CCB7FB0899FDA8 /* libPods-boxplatform-photo-taggerTests.a */ = {isa = PBXFileReference; explicitFileType = archive.ar; includeInIndex = 0; path = "libPods-boxplatform-photo-taggerTests.a"; sourceTree = BUILT_PRODUCTS_DIR; };
		CD8AB9C313B05DA3C2B4E5A4 /* Pods-boxplatform-photo-taggerTests.release.xcconfig */ = {isa = PBXFileReference; includeInIndex = 1; lastKnownFileType = text.xcconfig; name = "Pods-boxplatform-photo-taggerTests.release.xcconfig"; path = "Pods/Target Support Files/Pods-boxplatform-photo-taggerTests/Pods-boxplatform-photo-taggerTests.release.xcconfig"; sourceTree = "<group>"; };
		DA437C59B8C65D10E2C5540A /* libPods-boxplatform-photo-taggerUITests.a */ = {isa = PBXFileReference; explicitFileType = archive.ar; includeInIndex = 0; path = "libPods-boxplatform-photo-taggerUITests.a"; sourceTree = BUILT_PRODUCTS_DIR; };
		E8EB8AA18893BD37B6D6ADCC /* Pods-boxplatform-photo-taggerUITests.release.xcconfig */ = {isa = PBXFileReference; includeInIndex = 1; lastKnownFileType = text.xcconfig; name = "Pods-boxplatform-photo-taggerUITests.release.xcconfig"; path = "Pods/Target Support Files/Pods-boxplatform-photo-taggerUITests/Pods-boxplatform-photo-taggerUITests.release.xcconfig"; sourceTree = "<group>"; };
		ED264B4F10DCDECE81167171 /* Pods-boxplatform-photo-taggerTests.debug.xcconfig */ = {isa = PBXFileReference; includeInIndex = 1; lastKnownFileType = text.xcconfig; name = "Pods-boxplatform-photo-taggerTests.debug.xcconfig"; path = "Pods/Target Support Files/Pods-boxplatform-photo-taggerTests/Pods-boxplatform-photo-taggerTests.debug.xcconfig"; sourceTree = "<group>"; };
		EDBE700F27FC6E49AC90115A /* Pods-boxplatform-photo-tagger.debug.xcconfig */ = {isa = PBXFileReference; includeInIndex = 1; lastKnownFileType = text.xcconfig; name = "Pods-boxplatform-photo-tagger.debug.xcconfig"; path = "Pods/Target Support Files/Pods-boxplatform-photo-tagger/Pods-boxplatform-photo-tagger.debug.xcconfig"; sourceTree = "<group>"; };
		F138AD4C8A63C5ACDCD03BEA /* Pods-boxplatform-photo-tagger.release.xcconfig */ = {isa = PBXFileReference; includeInIndex = 1; lastKnownFileType = text.xcconfig; name = "Pods-boxplatform-photo-tagger.release.xcconfig"; path = "Pods/Target Support Files/Pods-boxplatform-photo-tagger/Pods-boxplatform-photo-tagger.release.xcconfig"; sourceTree = "<group>"; };
/* End PBXFileReference section */

/* Begin PBXFrameworksBuildPhase section */
		866D023B1D2DB30100987B8F /* Frameworks */ = {
			isa = PBXFrameworksBuildPhase;
			buildActionMask = 2147483647;
			files = (
				86B8C5951E0326B50072C027 /* MapKit.framework in Frameworks */,
				869B1A2A1E0079FB0072BBA6 /* CoreLocation.framework in Frameworks */,
				9E9822C1AC12F54C249A2A1C /* libPods-boxplatform-photo-tagger.a in Frameworks */,
			);
			runOnlyForDeploymentPostprocessing = 0;
		};
/* End PBXFrameworksBuildPhase section */

/* Begin PBXGroup section */
		862C0FE11D42A2FF005FD11C /* Helpers */ = {
			isa = PBXGroup;
			children = (
				86D276111E0C9AAB008F1BC5 /* BOXSampleThumbnailsHelper.h */,
				86D276101E0C9AAB008F1BC5 /* BOXSampleThumbnailsHelper.m */,
				86A8FA0F1D2DBEC50012BD8A /* ClarifaiClient.h */,
				86A8FA101D2DBEC50012BD8A /* ClarifaiClient.m */,
				862C0FE21D42A3AB005FD11C /* HelperClass.h */,
				862C0FE31D42A3AB005FD11C /* HelperClass.m */,
			);
			name = Helpers;
			sourceTree = "<group>";
		};
		866D02351D2DB30100987B8F = {
			isa = PBXGroup;
			children = (
				866D02401D2DB30100987B8F /* boxplatform-photo-tagger */,
				866D023F1D2DB30100987B8F /* Products */,
				FFBD557D406CEF5A53DFF12D /* Pods */,
				D3650145F9C1D471D031F8A7 /* Frameworks */,
			);
			sourceTree = "<group>";
		};
		866D023F1D2DB30100987B8F /* Products */ = {
			isa = PBXGroup;
			children = (
				866D023E1D2DB30100987B8F /* boxplatform-photo-tagger.app */,
			);
			name = Products;
			sourceTree = "<group>";
		};
		866D02401D2DB30100987B8F /* boxplatform-photo-tagger */ = {
			isa = PBXGroup;
			children = (
				86D78DCA1DC29AF400271BBB /* boxplatform-photo-tagger.entitlements */,
				86FBAC3F1DECDD430007767D /* tessdata */,
				862C0FE11D42A2FF005FD11C /* Helpers */,
				866D02441D2DB30100987B8F /* AppDelegate.h */,
				866D02451D2DB30100987B8F /* AppDelegate.m */,
				866D02471D2DB30100987B8F /* MainViewController.h */,
				866D02481D2DB30100987B8F /* MainViewController.m */,
				868610EF1D3039610054F11D /* SearchViewController.h */,
				868610F01D3039610054F11D /* SearchViewController.m */,
				868610F31D30535E0054F11D /* SearchResultsTableViewController.h */,
				868610F41D30535E0054F11D /* SearchResultsTableViewController.m */,
				86C9AABA1D3D4C340014E42B /* SearchResultsTableViewCell.h */,
				86C9AABB1D3D4C340014E42B /* SearchResultsTableViewCell.m */,
				86A8FA0C1D2DBDBF0012BD8A /* UploadViewController.h */,
				86A8FA0D1D2DBDBF0012BD8A /* UploadViewController.m */,
				866D024A1D2DB30100987B8F /* Main.storyboard */,
				86B6FBAD1E0209E8009DA293 /* FileDetailsViewController.h */,
				86B6FBAE1E0209E8009DA293 /* FileDetailsViewController.m */,
				866F05111DECBE1000FBFB8B /* ScanViewController.h */,
				866F05121DECBE1000FBFB8B /* ScanViewController.m */,
				862768571DE37160003FF176 /* InitialViewController.h */,
				862768581DE37160003FF176 /* InitialViewController.m */,
				8646E5E81DE643EF005F12CE /* placeholder.png */,
				86FEAC0F1DE61DC500D96E42 /* color.png */,
				8646E5E61DE63648005F12CE /* image.png */,
				862768551DE370A5003FF176 /* Box-Platform-Logo.png */,
				866D024D1D2DB30100987B8F /* Assets.xcassets */,
				866D024F1D2DB30100987B8F /* LaunchScreen.storyboard */,
				866D02521D2DB30100987B8F /* Info.plist */,
				8627685A1DE3870F003FF176 /* Auth0.plist */,
				86062B481D46B3BA0035860D /* config.plist */,
				866D02411D2DB30100987B8F /* Supporting Files */,
			);
			path = "boxplatform-photo-tagger";
			sourceTree = "<group>";
		};
		866D02411D2DB30100987B8F /* Supporting Files */ = {
			isa = PBXGroup;
			children = (
				866D02421D2DB30100987B8F /* main.m */,
			);
			name = "Supporting Files";
			sourceTree = "<group>";
		};
		D3650145F9C1D471D031F8A7 /* Frameworks */ = {
			isa = PBXGroup;
			children = (
				86B8C5941E0326B50072C027 /* MapKit.framework */,
				869B1A291E0079FB0072BBA6 /* CoreLocation.framework */,
				3540BB865CE270EF56A7E52E /* libPods-boxplatform-photo-tagger.a */,
				BC1E7882F4CCB7FB0899FDA8 /* libPods-boxplatform-photo-taggerTests.a */,
				DA437C59B8C65D10E2C5540A /* libPods-boxplatform-photo-taggerUITests.a */,
			);
			name = Frameworks;
			sourceTree = "<group>";
		};
		FFBD557D406CEF5A53DFF12D /* Pods */ = {
			isa = PBXGroup;
			children = (
				EDBE700F27FC6E49AC90115A /* Pods-boxplatform-photo-tagger.debug.xcconfig */,
				F138AD4C8A63C5ACDCD03BEA /* Pods-boxplatform-photo-tagger.release.xcconfig */,
				ED264B4F10DCDECE81167171 /* Pods-boxplatform-photo-taggerTests.debug.xcconfig */,
				CD8AB9C313B05DA3C2B4E5A4 /* Pods-boxplatform-photo-taggerTests.release.xcconfig */,
				3C63833983EAA8E6FFCB2850 /* Pods-boxplatform-photo-taggerUITests.debug.xcconfig */,
				E8EB8AA18893BD37B6D6ADCC /* Pods-boxplatform-photo-taggerUITests.release.xcconfig */,
			);
			name = Pods;
			sourceTree = "<group>";
		};
/* End PBXGroup section */

/* Begin PBXNativeTarget section */
		866D023D1D2DB30100987B8F /* boxplatform-photo-tagger */ = {
			isa = PBXNativeTarget;
			buildConfigurationList = 866D026B1D2DB30100987B8F /* Build configuration list for PBXNativeTarget "boxplatform-photo-tagger" */;
			buildPhases = (
				E748E07D2B02FA942A11364A /* [CP] Check Pods Manifest.lock */,
				866D023A1D2DB30100987B8F /* Sources */,
				866D023B1D2DB30100987B8F /* Frameworks */,
				866D023C1D2DB30100987B8F /* Resources */,
				D3999DC95D9D58A65E48C297 /* [CP] Embed Pods Frameworks */,
				73B22055BBFA292D4D954280 /* [CP] Copy Pods Resources */,
			);
			buildRules = (
			);
			dependencies = (
			);
			name = "boxplatform-photo-tagger";
			productName = "boxplatform-photo-tagger";
			productReference = 866D023E1D2DB30100987B8F /* boxplatform-photo-tagger.app */;
			productType = "com.apple.product-type.application";
		};
/* End PBXNativeTarget section */

/* Begin PBXProject section */
		866D02361D2DB30100987B8F /* Project object */ = {
			isa = PBXProject;
			attributes = {
				LastUpgradeCheck = 0730;
				ORGANIZATIONNAME = "Karl Hirschhorn";
				TargetAttributes = {
					866D023D1D2DB30100987B8F = {
						CreatedOnToolsVersion = 7.3.1;
						DevelopmentTeam = PUG6WS969Z;
						SystemCapabilities = {
							com.apple.Keychain = {
								enabled = 1;
							};
						};
					};
				};
			};
			buildConfigurationList = 866D02391D2DB30100987B8F /* Build configuration list for PBXProject "boxplatform-photo-tagger" */;
			compatibilityVersion = "Xcode 3.2";
			developmentRegion = English;
			hasScannedForEncodings = 0;
			knownRegions = (
				en,
				Base,
			);
			mainGroup = 866D02351D2DB30100987B8F;
			productRefGroup = 866D023F1D2DB30100987B8F /* Products */;
			projectDirPath = "";
			projectRoot = "";
			targets = (
				866D023D1D2DB30100987B8F /* boxplatform-photo-tagger */,
			);
		};
/* End PBXProject section */

/* Begin PBXResourcesBuildPhase section */
		866D023C1D2DB30100987B8F /* Resources */ = {
			isa = PBXResourcesBuildPhase;
			buildActionMask = 2147483647;
			files = (
				86FEAC101DE61DC500D96E42 /* color.png in Resources */,
				86062B491D46B3BA0035860D /* config.plist in Resources */,
				8627685B1DE3870F003FF176 /* Auth0.plist in Resources */,
				866D02511D2DB30100987B8F /* LaunchScreen.storyboard in Resources */,
				8646E5E91DE643EF005F12CE /* placeholder.png in Resources */,
				866D024E1D2DB30100987B8F /* Assets.xcassets in Resources */,
				866D024C1D2DB30100987B8F /* Main.storyboard in Resources */,
				86FBAC401DECDD430007767D /* tessdata in Resources */,
				862768561DE370A5003FF176 /* Box-Platform-Logo.png in Resources */,
				8646E5E71DE63648005F12CE /* image.png in Resources */,
			);
			runOnlyForDeploymentPostprocessing = 0;
		};
/* End PBXResourcesBuildPhase section */

/* Begin PBXShellScriptBuildPhase section */
		73B22055BBFA292D4D954280 /* [CP] Copy Pods Resources */ = {
			isa = PBXShellScriptBuildPhase;
			buildActionMask = 2147483647;
			files = (
			);
			inputPaths = (
			);
			name = "[CP] Copy Pods Resources";
			outputPaths = (
			);
			runOnlyForDeploymentPostprocessing = 0;
			shellPath = /bin/sh;
			shellScript = "\"${SRCROOT}/Pods/Target Support Files/Pods-boxplatform-photo-tagger/Pods-boxplatform-photo-tagger-resources.sh\"\n";
			showEnvVarsInLog = 0;
		};
		D3999DC95D9D58A65E48C297 /* [CP] Embed Pods Frameworks */ = {
			isa = PBXShellScriptBuildPhase;
			buildActionMask = 2147483647;
			files = (
			);
			inputPaths = (
			);
			name = "[CP] Embed Pods Frameworks";
			outputPaths = (
			);
			runOnlyForDeploymentPostprocessing = 0;
			shellPath = /bin/sh;
			shellScript = "\"${SRCROOT}/Pods/Target Support Files/Pods-boxplatform-photo-tagger/Pods-boxplatform-photo-tagger-frameworks.sh\"\n";
			showEnvVarsInLog = 0;
		};
		E748E07D2B02FA942A11364A /* [CP] Check Pods Manifest.lock */ = {
			isa = PBXShellScriptBuildPhase;
			buildActionMask = 2147483647;
			files = (
			);
			inputPaths = (
			);
			name = "[CP] Check Pods Manifest.lock";
			outputPaths = (
			);
			runOnlyForDeploymentPostprocessing = 0;
			shellPath = /bin/sh;
			shellScript = "diff \"${PODS_ROOT}/../Podfile.lock\" \"${PODS_ROOT}/Manifest.lock\" > /dev/null\nif [[ $? != 0 ]] ; then\n    cat << EOM\nerror: The sandbox is not in sync with the Podfile.lock. Run 'pod install' or update your CocoaPods installation.\nEOM\n    exit 1\nfi\n";
			showEnvVarsInLog = 0;
		};
/* End PBXShellScriptBuildPhase section */

/* Begin PBXSourcesBuildPhase section */
		866D023A1D2DB30100987B8F /* Sources */ = {
			isa = PBXSourcesBuildPhase;
			buildActionMask = 2147483647;
			files = (
				866D02491D2DB30100987B8F /* MainViewController.m in Sources */,
				86A8FA0E1D2DBDBF0012BD8A /* UploadViewController.m in Sources */,
				86C9AABC1D3D4C340014E42B /* SearchResultsTableViewCell.m in Sources */,
				866D02461D2DB30100987B8F /* AppDelegate.m in Sources */,
				868610F51D30535E0054F11D /* SearchResultsTableViewController.m in Sources */,
				866F05131DECBE1000FBFB8B /* ScanViewController.m in Sources */,
				862768591DE37160003FF176 /* InitialViewController.m in Sources */,
				86D276121E0C9AAB008F1BC5 /* BOXSampleThumbnailsHelper.m in Sources */,
				862C0FE41D42A3AB005FD11C /* HelperClass.m in Sources */,
				866D02431D2DB30100987B8F /* main.m in Sources */,
				868610F11D3039610054F11D /* SearchViewController.m in Sources */,
				86A8FA111D2DBEC50012BD8A /* ClarifaiClient.m in Sources */,
				86B6FBAF1E0209E8009DA293 /* FileDetailsViewController.m in Sources */,
			);
			runOnlyForDeploymentPostprocessing = 0;
		};
/* End PBXSourcesBuildPhase section */

/* Begin PBXVariantGroup section */
		866D024A1D2DB30100987B8F /* Main.storyboard */ = {
			isa = PBXVariantGroup;
			children = (
				866D024B1D2DB30100987B8F /* Base */,
			);
			name = Main.storyboard;
			sourceTree = "<group>";
		};
		866D024F1D2DB30100987B8F /* LaunchScreen.storyboard */ = {
			isa = PBXVariantGroup;
			children = (
				866D02501D2DB30100987B8F /* Base */,
			);
			name = LaunchScreen.storyboard;
			sourceTree = "<group>";
		};
/* End PBXVariantGroup section */

/* Begin XCBuildConfiguration section */
		866D02691D2DB30100987B8F /* Debug */ = {
			isa = XCBuildConfiguration;
			buildSettings = {
				ALWAYS_SEARCH_USER_PATHS = NO;
				CLANG_ANALYZER_NONNULL = YES;
				CLANG_CXX_LANGUAGE_STANDARD = "gnu++0x";
				CLANG_CXX_LIBRARY = "libc++";
				CLANG_ENABLE_MODULES = YES;
				CLANG_ENABLE_OBJC_ARC = YES;
				CLANG_WARN_BOOL_CONVERSION = YES;
				CLANG_WARN_CONSTANT_CONVERSION = YES;
				CLANG_WARN_DIRECT_OBJC_ISA_USAGE = YES_ERROR;
				CLANG_WARN_EMPTY_BODY = YES;
				CLANG_WARN_ENUM_CONVERSION = YES;
				CLANG_WARN_INT_CONVERSION = YES;
				CLANG_WARN_OBJC_ROOT_CLASS = YES_ERROR;
				CLANG_WARN_UNREACHABLE_CODE = YES;
				CLANG_WARN__DUPLICATE_METHOD_MATCH = YES;
				"CODE_SIGN_IDENTITY[sdk=iphoneos*]" = "iPhone Developer";
				COPY_PHASE_STRIP = NO;
				DEBUG_INFORMATION_FORMAT = dwarf;
				ENABLE_STRICT_OBJC_MSGSEND = YES;
				ENABLE_TESTABILITY = YES;
				GCC_C_LANGUAGE_STANDARD = gnu99;
				GCC_DYNAMIC_NO_PIC = NO;
				GCC_NO_COMMON_BLOCKS = YES;
				GCC_OPTIMIZATION_LEVEL = 0;
				GCC_PREPROCESSOR_DEFINITIONS = (
					"DEBUG=1",
					"$(inherited)",
				);
				GCC_WARN_64_TO_32_BIT_CONVERSION = YES;
				GCC_WARN_ABOUT_RETURN_TYPE = YES_ERROR;
				GCC_WARN_UNDECLARED_SELECTOR = YES;
				GCC_WARN_UNINITIALIZED_AUTOS = YES_AGGRESSIVE;
				GCC_WARN_UNUSED_FUNCTION = YES;
				GCC_WARN_UNUSED_VARIABLE = YES;
				IPHONEOS_DEPLOYMENT_TARGET = 9.3;
				MTL_ENABLE_DEBUG_INFO = YES;
				ONLY_ACTIVE_ARCH = YES;
				SDKROOT = iphoneos;
				TARGETED_DEVICE_FAMILY = "1,2";
			};
			name = Debug;
		};
		866D026A1D2DB30100987B8F /* Release */ = {
			isa = XCBuildConfiguration;
			buildSettings = {
				ALWAYS_SEARCH_USER_PATHS = NO;
				CLANG_ANALYZER_NONNULL = YES;
				CLANG_CXX_LANGUAGE_STANDARD = "gnu++0x";
				CLANG_CXX_LIBRARY = "libc++";
				CLANG_ENABLE_MODULES = YES;
				CLANG_ENABLE_OBJC_ARC = YES;
				CLANG_WARN_BOOL_CONVERSION = YES;
				CLANG_WARN_CONSTANT_CONVERSION = YES;
				CLANG_WARN_DIRECT_OBJC_ISA_USAGE = YES_ERROR;
				CLANG_WARN_EMPTY_BODY = YES;
				CLANG_WARN_ENUM_CONVERSION = YES;
				CLANG_WARN_INT_CONVERSION = YES;
				CLANG_WARN_OBJC_ROOT_CLASS = YES_ERROR;
				CLANG_WARN_UNREACHABLE_CODE = YES;
				CLANG_WARN__DUPLICATE_METHOD_MATCH = YES;
				"CODE_SIGN_IDENTITY[sdk=iphoneos*]" = "iPhone Developer";
				COPY_PHASE_STRIP = NO;
				DEBUG_INFORMATION_FORMAT = "dwarf-with-dsym";
				ENABLE_NS_ASSERTIONS = NO;
				ENABLE_STRICT_OBJC_MSGSEND = YES;
				GCC_C_LANGUAGE_STANDARD = gnu99;
				GCC_NO_COMMON_BLOCKS = YES;
				GCC_WARN_64_TO_32_BIT_CONVERSION = YES;
				GCC_WARN_ABOUT_RETURN_TYPE = YES_ERROR;
				GCC_WARN_UNDECLARED_SELECTOR = YES;
				GCC_WARN_UNINITIALIZED_AUTOS = YES_AGGRESSIVE;
				GCC_WARN_UNUSED_FUNCTION = YES;
				GCC_WARN_UNUSED_VARIABLE = YES;
				IPHONEOS_DEPLOYMENT_TARGET = 9.3;
				MTL_ENABLE_DEBUG_INFO = NO;
				SDKROOT = iphoneos;
				TARGETED_DEVICE_FAMILY = "1,2";
				VALIDATE_PRODUCT = YES;
			};
			name = Release;
		};
		866D026C1D2DB30100987B8F /* Debug */ = {
			isa = XCBuildConfiguration;
			baseConfigurationReference = EDBE700F27FC6E49AC90115A /* Pods-boxplatform-photo-tagger.debug.xcconfig */;
			buildSettings = {
				ASSETCATALOG_COMPILER_APPICON_NAME = AppIcon;
				CODE_SIGN_ENTITLEMENTS = "boxplatform-photo-tagger/boxplatform-photo-tagger.entitlements";
				CODE_SIGN_IDENTITY = "iPhone Developer";
				ENABLE_BITCODE = NO;
				ENTITLEMENTS_REQUIRED = YES;
				INFOPLIST_FILE = "boxplatform-photo-tagger/Info.plist";
				IPHONEOS_DEPLOYMENT_TARGET = 9.3;
				LD_RUNPATH_SEARCH_PATHS = "$(inherited) @executable_path/Frameworks";
				PRODUCT_BUNDLE_IDENTIFIER = "kwh.boxplatform-photo-tagger";
				PRODUCT_NAME = "$(TARGET_NAME)";
				TARGETED_DEVICE_FAMILY = 1;
			};
			name = Debug;
		};
		866D026D1D2DB30100987B8F /* Release */ = {
			isa = XCBuildConfiguration;
			baseConfigurationReference = F138AD4C8A63C5ACDCD03BEA /* Pods-boxplatform-photo-tagger.release.xcconfig */;
			buildSettings = {
				ASSETCATALOG_COMPILER_APPICON_NAME = AppIcon;
				CODE_SIGN_ENTITLEMENTS = "boxplatform-photo-tagger/boxplatform-photo-tagger.entitlements";
				CODE_SIGN_IDENTITY = "iPhone Developer";
				ENABLE_BITCODE = NO;
				ENTITLEMENTS_REQUIRED = YES;
				INFOPLIST_FILE = "boxplatform-photo-tagger/Info.plist";
				IPHONEOS_DEPLOYMENT_TARGET = 9.3;
				LD_RUNPATH_SEARCH_PATHS = "$(inherited) @executable_path/Frameworks";
				PRODUCT_BUNDLE_IDENTIFIER = "kwh.boxplatform-photo-tagger";
				PRODUCT_NAME = "$(TARGET_NAME)";
				TARGETED_DEVICE_FAMILY = 1;
			};
			name = Release;
		};
/* End XCBuildConfiguration section */

/* Begin XCConfigurationList section */
		866D02391D2DB30100987B8F /* Build configuration list for PBXProject "boxplatform-photo-tagger" */ = {
			isa = XCConfigurationList;
			buildConfigurations = (
				866D02691D2DB30100987B8F /* Debug */,
				866D026A1D2DB30100987B8F /* Release */,
			);
			defaultConfigurationIsVisible = 0;
			defaultConfigurationName = Release;
		};
		866D026B1D2DB30100987B8F /* Build configuration list for PBXNativeTarget "boxplatform-photo-tagger" */ = {
			isa = XCConfigurationList;
			buildConfigurations = (
				866D026C1D2DB30100987B8F /* Debug */,
				866D026D1D2DB30100987B8F /* Release */,
			);
			defaultConfigurationIsVisible = 0;
			defaultConfigurationName = Release;
		};
/* End XCConfigurationList section */
	};
	rootObject = 866D02361D2DB30100987B8F /* Project object */;
}
